
Microsoft Visual Studio Solution File, Format Version 12.00
# Visual Studio Version 16
VisualStudioVersion = 16.0.29806.167
MinimumVisualStudioVersion = 10.0.40219.1
Project("{8BC9CEB8-8B4A-11D0-8D11-00A0C91BC942}") = "ConsoleApplicationTestGithub", "ConsoleApplicationTestGithub\ConsoleApplicationTestGithub.vcxproj", "{300E234E-551C-45A8-B465-6D2D59E90E51}"
EndProject
Global
	GlobalSection(SolutionConfigurationPlatforms) = preSolution
		Debug|x64 = Debug|x64
		Debug|x86 = Debug|x86
		Release|x64 = Release|x64
		Release|x86 = Release|x86
	EndGlobalSection
	GlobalSection(ProjectConfigurationPlatforms) = postSolution
		{300E234E-551C-45A8-B465-6D2D59E90E51}.Debug|x64.ActiveCfg = Debug|x64
		{300E234E-551C-45A8-B465-6D2D59E90E51}.Debug|x64.Build.0 = Debug|x64
		{300E234E-551C-45A8-B465-6D2D59E90E51}.Debug|x86.ActiveCfg = Debug|Win32
		{300E234E-551C-45A8-B465-6D2D59E90E51}.Debug|x86.Build.0 = Debug|Win32
		{300E234E-551C-45A8-B465-6D2D59E90E51}.Release|x64.ActiveCfg = Release|x64
		{300E234E-551C-45A8-B465-6D2D59E90E51}.Release|x64.Build.0 = Release|x64
		{300E234E-551C-45A8-B465-6D2D59E90E51}.Release|x86.ActiveCfg = Release|Win32
		{300E234E-551C-45A8-B465-6D2D59E90E51}.Release|x86.Build.0 = Release|Win32
	EndGlobalSection
	GlobalSection(SolutionProperties) = preSolution
		HideSolutionNode = FALSE
	EndGlobalSection
	GlobalSection(ExtensibilityGlobals) = postSolution
		SolutionGuid = {9460F865-C4B6-4121-8FCD-1725456BA2E4}
	EndGlobalSection
EndGlobal
